{
  "version": 1,
  "dependencies": {
    "net10.0": {
      "Microsoft.EntityFrameworkCore.Design": {
        "type": "Direct",
        "requested": "[10.0.0-rc.1.25451.107, )",
        "resolved": "10.0.0-rc.1.25451.107",
        "contentHash": "1Rs5ljF2F7Zr43kLhyuGuRL/jGneL+USb/tbLrOzTjpLnu8kIjpOBPX6KaSAC5RN6pOyciQ+KeI7fuRSiH8c6w==",
        "dependencies": {
          "Humanizer.Core": "2.14.1",
          "Microsoft.Build.Framework": "17.14.8",
          "Microsoft.Build.Locator": "1.9.1",
          "Microsoft.Build.Tasks.Core": "17.14.8",
          "Microsoft.Build.Utilities.Core": "17.14.8",
          "Microsoft.CodeAnalysis.CSharp": "4.14.0",
          "Microsoft.CodeAnalysis.CSharp.Workspaces": "4.14.0",
          "Microsoft.CodeAnalysis.Workspaces.MSBuild": "4.14.0",
          "Microsoft.EntityFrameworkCore.Relational": "10.0.0-rc.1.25451.107",
          "Microsoft.Extensions.Caching.Memory": "10.0.0-rc.1.25451.107",
          "Microsoft.Extensions.Configuration.Abstractions": "10.0.0-rc.1.25451.107",
          "Microsoft.Extensions.DependencyModel": "10.0.0-rc.1.25451.107",
          "Microsoft.Extensions.Logging": "10.0.0-rc.1.25451.107",
          "Mono.TextTemplating": "3.0.0",
          "Newtonsoft.Json": "13.0.3"
        }
      },
      "Microsoft.Extensions.DependencyInjection.Abstractions": {
        "type": "Direct",
        "requested": "[10.0.0-rc.1.25451.107, )",
        "resolved": "10.0.0-rc.1.25451.107",
        "contentHash": "Wm2HfC0GlWExQmJajq85FHM9iHEOm61Z1c2YLivbzI6R5eT+TTSyfk3RHUra4oBU+oj1XhOIQ5hLW6Kg2r85tg=="
      },
      "Microsoft.Extensions.Hosting": {
        "type": "Direct",
        "requested": "[10.0.0-rc.1.25451.107, )",
        "resolved": "10.0.0-rc.1.25451.107",
        "contentHash": "MSxUXg8ZrySaprKTWT/nPXHo1JW9TcLuTb0E3DtQ0DRK8KJKkYJhvvbLWKHUZ/vyvMcL4Msp0jbnZQ4ywTdWdQ==",
        "dependencies": {
          "Microsoft.Extensions.Configuration": "10.0.0-rc.1.25451.107",
          "Microsoft.Extensions.Configuration.Abstractions": "10.0.0-rc.1.25451.107",
          "Microsoft.Extensions.Configuration.Binder": "10.0.0-rc.1.25451.107",
          "Microsoft.Extensions.Configuration.CommandLine": "10.0.0-rc.1.25451.107",
          "Microsoft.Extensions.Configuration.EnvironmentVariables": "10.0.0-rc.1.25451.107",
          "Microsoft.Extensions.Configuration.FileExtensions": "10.0.0-rc.1.25451.107",
          "Microsoft.Extensions.Configuration.Json": "10.0.0-rc.1.25451.107",
          "Microsoft.Extensions.Configuration.UserSecrets": "10.0.0-rc.1.25451.107",
          "Microsoft.Extensions.DependencyInjection": "10.0.0-rc.1.25451.107",
          "Microsoft.Extensions.DependencyInjection.Abstractions": "10.0.0-rc.1.25451.107",
          "Microsoft.Extensions.Diagnostics": "10.0.0-rc.1.25451.107",
          "Microsoft.Extensions.FileProviders.Abstractions": "10.0.0-rc.1.25451.107",
          "Microsoft.Extensions.FileProviders.Physical": "10.0.0-rc.1.25451.107",
          "Microsoft.Extensions.Hosting.Abstractions": "10.0.0-rc.1.25451.107",
          "Microsoft.Extensions.Logging": "10.0.0-rc.1.25451.107",
          "Microsoft.Extensions.Logging.Abstractions": "10.0.0-rc.1.25451.107",
          "Microsoft.Extensions.Logging.Configuration": "10.0.0-rc.1.25451.107",
          "Microsoft.Extensions.Logging.Console": "10.0.0-rc.1.25451.107",
          "Microsoft.Extensions.Logging.Debug": "10.0.0-rc.1.25451.107",
          "Microsoft.Extensions.Logging.EventLog": "10.0.0-rc.1.25451.107",
          "Microsoft.Extensions.Logging.EventSource": "10.0.0-rc.1.25451.107",
          "Microsoft.Extensions.Options": "10.0.0-rc.1.25451.107"
        }
      },
      "Microsoft.Extensions.Logging.Abstractions": {
        "type": "Direct",
        "requested": "[10.0.0-rc.1.25451.107, )",
        "resolved": "10.0.0-rc.1.25451.107",
        "contentHash": "RwlHkxMbkgvKs5m0jfguF+a6nZH1qaJVC63cSAODNLMVyX22VumSWwDBgnzFTB3oUHfOnQgLmtEK1U/eEQRLLQ==",
        "dependencies": {
          "Microsoft.Extensions.DependencyInjection.Abstractions": "10.0.0-rc.1.25451.107"
        }
      },
      "Npgsql.EntityFrameworkCore.PostgreSQL": {
        "type": "Direct",
        "requested": "[10.0.0-rc.1, )",
        "resolved": "10.0.0-rc.1",
        "contentHash": "On+EO2L7c1+IPeJB5UL4DtKz8Sw8QGTBrKldEsW25SEG9heDQiBt2DDPmCvnmZasFS5WNgEW3loNhahRz1eyGA==",
        "dependencies": {
          "Microsoft.EntityFrameworkCore": "[10.0.0-rc.1.25451.107]",
          "Microsoft.EntityFrameworkCore.Relational": "[10.0.0-rc.1.25451.107]",
          "Npgsql": "9.0.3"
        }
      },
      "Humanizer.Core": {
        "type": "Transitive",
        "resolved": "2.14.1",
        "contentHash": "lQKvtaTDOXnoVJ20ibTuSIOf2i0uO0MPbDhd1jm238I+U/2ZnRENj0cktKZhtchBMtCUSRQ5v4xBCUbKNmyVMw=="
      },
      "Microsoft.Build": {
        "type": "Transitive",
        "resolved": "17.7.2",
        "contentHash": "AmWnumxsMiRycFfE3kq/XnFFTAoPpCWl3UuiKQWCa5Z0+hBKVoiydzS2iXJGd3x+jry+qaTR9GzoezjV9NFT5A==",
        "dependencies": {
          "Microsoft.Build.Framework": "17.7.2",
          "Microsoft.NET.StringTools": "17.7.2",
          "System.Configuration.ConfigurationManager": "7.0.0",
          "System.Reflection.MetadataLoadContext": "7.0.0",
          "System.Security.Permissions": "7.0.0"
        }
      },
      "Microsoft.Build.Framework": {
        "type": "Transitive",
        "resolved": "17.14.8",
        "contentHash": "hwpXdyiD8phuIRtYK4fcPrSKRXn6MHI37IkbvAM2D50OnPRbmKGPwtrXi/vYQ7+VQbMzmw1zaKp+rsroBwNGtg=="
      },
      "Microsoft.Build.Locator": {
        "type": "Transitive",
        "resolved": "1.9.1",
        "contentHash": "UTO1acAAxYkpI8lU9ff5D9kn4p85bFwph28Y3QPVM9qy5HKQy3kpB6gWcuVGtlSPtvfzfC67CMDHO/JDys2gNQ=="
      },
      "Microsoft.Build.Tasks.Core": {
        "type": "Transitive",
        "resolved": "17.14.8",
        "contentHash": "Wvmz7gpstoGHLOVpOy2/Upsa+N1D/xqg7DUcqRi1DiabEPTRSRXVg0cbjXAgoS3754g2JPgCVm3/xRZxmSW51w==",
        "dependencies": {
          "Microsoft.Build.Framework": "17.14.8",
          "Microsoft.Build.Utilities.Core": "17.14.8",
          "Microsoft.NET.StringTools": "17.14.8",
          "System.CodeDom": "9.0.0",
          "System.Configuration.ConfigurationManager": "9.0.0",
          "System.Diagnostics.EventLog": "9.0.0",
          "System.Formats.Nrbf": "9.0.0",
          "System.Resources.Extensions": "9.0.0",
          "System.Security.Cryptography.Pkcs": "9.0.0",
          "System.Security.Cryptography.ProtectedData": "9.0.0",
          "System.Security.Cryptography.Xml": "9.0.0"
        }
      },
      "Microsoft.Build.Utilities.Core": {
        "type": "Transitive",
        "resolved": "17.14.8",
        "contentHash": "y9YkXfwoSduSYMSpf8wbIhn7XGmO+pNG5p4lqDSjGLxQ7KBHcnlvsfz+W3Hsp82abHFk3xCLPLImMZ9wUnWQCw==",
        "dependencies": {
          "Microsoft.Build.Framework": "17.14.8",
          "Microsoft.NET.StringTools": "17.14.8",
          "System.Configuration.ConfigurationManager": "9.0.0",
          "System.Diagnostics.EventLog": "9.0.0",
          "System.Security.Cryptography.ProtectedData": "9.0.0"
        }
      },
      "Microsoft.CodeAnalysis.Analyzers": {
        "type": "Transitive",
        "resolved": "3.11.0",
        "contentHash": "v/EW3UE8/lbEYHoC2Qq7AR/DnmvpgdtAMndfQNmpuIMx/Mto8L5JnuCfdBYtgvalQOtfNCnxFejxuRrryvUTsg=="
      },
      "Microsoft.CodeAnalysis.Common": {
        "type": "Transitive",
        "resolved": "4.14.0",
        "contentHash": "PC3tuwZYnC+idaPuoC/AZpEdwrtX7qFpmnrfQkgobGIWiYmGi5MCRtl5mx6QrfMGQpK78X2lfIEoZDLg/qnuHg==",
        "dependencies": {
          "Microsoft.CodeAnalysis.Analyzers": "3.11.0"
        }
      },
      "Microsoft.CodeAnalysis.CSharp": {
        "type": "Transitive",
        "resolved": "4.14.0",
        "contentHash": "568a6wcTivauIhbeWcCwfWwIn7UV7MeHEBvFB2uzGIpM2OhJ4eM/FZ8KS0yhPoNxnSpjGzz7x7CIjTxhslojQA==",
        "dependencies": {
          "Microsoft.CodeAnalysis.Analyzers": "3.11.0",
          "Microsoft.CodeAnalysis.Common": "[4.14.0]"
        }
      },
      "Microsoft.CodeAnalysis.CSharp.Workspaces": {
        "type": "Transitive",
        "resolved": "4.14.0",
        "contentHash": "QkgCEM4qJo6gdtblXtNgHqtykS61fxW+820hx5JN6n9DD4mQtqNB+6fPeJ3GQWg6jkkGz6oG9yZq7H3Gf0zwYw==",
        "dependencies": {
          "Humanizer.Core": "2.14.1",
          "Microsoft.CodeAnalysis.Analyzers": "3.11.0",
          "Microsoft.CodeAnalysis.CSharp": "[4.14.0]",
          "Microsoft.CodeAnalysis.Common": "[4.14.0]",
          "Microsoft.CodeAnalysis.Workspaces.Common": "[4.14.0]",
          "System.Composition": "9.0.0"
        }
      },
      "Microsoft.CodeAnalysis.Workspaces.Common": {
        "type": "Transitive",
        "resolved": "4.14.0",
        "contentHash": "wNVK9JrqjqDC/WgBUFV6henDfrW87NPfo98nzah/+M/G1D6sBOPtXwqce3UQNn+6AjTnmkHYN1WV9XmTlPemTw==",
        "dependencies": {
          "Humanizer.Core": "2.14.1",
          "Microsoft.CodeAnalysis.Analyzers": "3.11.0",
          "Microsoft.CodeAnalysis.Common": "[4.14.0]",
          "System.Composition": "9.0.0"
        }
      },
      "Microsoft.CodeAnalysis.Workspaces.MSBuild": {
        "type": "Transitive",
        "resolved": "4.14.0",
        "contentHash": "YU7Sguzm1Cuhi2U6S0DRKcVpqAdBd2QmatpyE0KqYMJogJ9E27KHOWGUzAOjsyjAM7sNaUk+a8VPz24knDseFw==",
        "dependencies": {
          "Humanizer.Core": "2.14.1",
          "Microsoft.Build": "17.7.2",
          "Microsoft.Build.Framework": "17.7.2",
          "Microsoft.Build.Tasks.Core": "17.7.2",
          "Microsoft.Build.Utilities.Core": "17.7.2",
          "Microsoft.CodeAnalysis.Analyzers": "3.11.0",
          "Microsoft.CodeAnalysis.Workspaces.Common": "[4.14.0]",
          "Microsoft.Extensions.DependencyInjection": "9.0.0",
          "Microsoft.Extensions.Logging": "9.0.0",
          "Microsoft.Extensions.Logging.Abstractions": "9.0.0",
          "Microsoft.Extensions.Options": "9.0.0",
          "Microsoft.Extensions.Primitives": "9.0.0",
          "Newtonsoft.Json": "13.0.3",
          "System.CodeDom": "7.0.0",
          "System.Composition": "9.0.0",
          "System.Configuration.ConfigurationManager": "9.0.0",
          "System.Diagnostics.EventLog": "9.0.0",
          "System.Resources.Extensions": "9.0.0",
          "System.Security.Cryptography.Pkcs": "7.0.2",
          "System.Security.Cryptography.ProtectedData": "9.0.0",
          "System.Security.Cryptography.Xml": "7.0.1",
          "System.Security.Permissions": "9.0.0",
          "System.Windows.Extensions": "9.0.0"
        }
      },
      "Microsoft.EntityFrameworkCore": {
        "type": "Transitive",
        "resolved": "10.0.0-rc.1.25451.107",
        "contentHash": "tE6qyRUFoVI+5HmJy5oGyPRvv4SfJH/jpDb94b40MxnNQhRtkIDQUuinWfMd8B2YAgXtVXANBNWjQ3ojsW/1Wg==",
        "dependencies": {
          "Microsoft.EntityFrameworkCore.Abstractions": "10.0.0-rc.1.25451.107",
          "Microsoft.EntityFrameworkCore.Analyzers": "10.0.0-rc.1.25451.107",
          "Microsoft.Extensions.Caching.Memory": "10.0.0-rc.1.25451.107",
          "Microsoft.Extensions.Logging": "10.0.0-rc.1.25451.107"
        }
      },
      "Microsoft.EntityFrameworkCore.Abstractions": {
        "type": "Transitive",
        "resolved": "10.0.0-rc.1.25451.107",
        "contentHash": "447K5zsovuadqFj8k9nOXiD4bI+iCwteVYp2BUys9CFhnOi42VVDzXzTzrMK1bLhfyawk6X3ZP1sKD0lodTToA=="
      },
      "Microsoft.EntityFrameworkCore.Analyzers": {
        "type": "Transitive",
        "resolved": "10.0.0-rc.1.25451.107",
        "contentHash": "9iNDa8n9neV+SnjMx8FnaOTwpuyuQg/LMiOSEiJbCSHsb66qLbOCJ3HtMm9nh6TXabYdq3ysUC4y2StYB7+6hA=="
      },
      "Microsoft.EntityFrameworkCore.Relational": {
        "type": "Transitive",
        "resolved": "10.0.0-rc.1.25451.107",
        "contentHash": "LQhyp5JclWH3OvCW29NNgc1ZSPZ6wMotRPzCO69wOMCf+WVXa8GpiILF2qvbx9ax0dSjz36UuG2I5ZQ5so+e7Q==",
        "dependencies": {
          "Microsoft.EntityFrameworkCore": "10.0.0-rc.1.25451.107",
          "Microsoft.Extensions.Caching.Memory": "10.0.0-rc.1.25451.107",
          "Microsoft.Extensions.Configuration.Abstractions": "10.0.0-rc.1.25451.107",
          "Microsoft.Extensions.Logging": "10.0.0-rc.1.25451.107"
        }
      },
      "Microsoft.Extensions.Caching.Abstractions": {
        "type": "Transitive",
        "resolved": "10.0.0-rc.1.25451.107",
        "contentHash": "AhG1CLvPoyWX2QZDpvmZFAE+jXEN6UKTARQbXgCLD1XA314n2tY/86AYAIe41eUYYkL5a6uBvEMpK81/cgj3uA==",
        "dependencies": {
          "Microsoft.Extensions.Primitives": "10.0.0-rc.1.25451.107"
        }
      },
      "Microsoft.Extensions.Caching.Memory": {
        "type": "Transitive",
        "resolved": "10.0.0-rc.1.25451.107",
        "contentHash": "nlmQ2Zs9ACD4mlYD8+lQ0K4suram+zox6EclFVErUcQu5aD7n0duPxyxedcE//xZ3H8H0fAsRPfF8QiGSfj9Rg==",
        "dependencies": {
          "Microsoft.Extensions.Caching.Abstractions": "10.0.0-rc.1.25451.107",
          "Microsoft.Extensions.DependencyInjection.Abstractions": "10.0.0-rc.1.25451.107",
          "Microsoft.Extensions.Logging.Abstractions": "10.0.0-rc.1.25451.107",
          "Microsoft.Extensions.Options": "10.0.0-rc.1.25451.107",
          "Microsoft.Extensions.Primitives": "10.0.0-rc.1.25451.107"
        }
      },
      "Microsoft.Extensions.Configuration": {
        "type": "Transitive",
        "resolved": "10.0.0-rc.1.25451.107",
        "contentHash": "pyIiy0uo0i2pM1IPTHf9X/sy1lOxRjAPuj7TAHlt+prfEvurKOXVdTrK41Xmr4e6mScWdesoOVpIoAhgP/N5BQ==",
        "dependencies": {
          "Microsoft.Extensions.Configuration.Abstractions": "10.0.0-rc.1.25451.107",
          "Microsoft.Extensions.Primitives": "10.0.0-rc.1.25451.107"
        }
      },
      "Microsoft.Extensions.Configuration.Abstractions": {
        "type": "Transitive",
        "resolved": "10.0.0-rc.1.25451.107",
        "contentHash": "NOCQeNLsBMq0rdmZAWMWMEepO+/4iV6zBO2iyOBAzwtR1kZCVjrm/p4Z2Vda7IycOLEJKkcXfjN+oeqXH8mcFw==",
        "dependencies": {
          "Microsoft.Extensions.Primitives": "10.0.0-rc.1.25451.107"
        }
      },
      "Microsoft.Extensions.Configuration.Binder": {
        "type": "Transitive",
        "resolved": "10.0.0-rc.1.25451.107",
        "contentHash": "leKQmXsApCae6Mp65B29INCh3IFEALvpvKNAmcNV1GcwgAxZaDFVS6WbOQegkYLvTAX2G3DT5KE0skI8jy1kig==",
        "dependencies": {
          "Microsoft.Extensions.Configuration": "10.0.0-rc.1.25451.107",
          "Microsoft.Extensions.Configuration.Abstractions": "10.0.0-rc.1.25451.107"
        }
      },
      "Microsoft.Extensions.Configuration.CommandLine": {
        "type": "Transitive",
        "resolved": "10.0.0-rc.1.25451.107",
        "contentHash": "oIrzvbO70HUqC4rkzoc44Qt/sRr+RGECOHH1ju5iNDVfLLZS/GVNyKf9dqcrLhuqotmasIsqyjWktzVkJdYbWQ==",
        "dependencies": {
          "Microsoft.Extensions.Configuration": "10.0.0-rc.1.25451.107",
          "Microsoft.Extensions.Configuration.Abstractions": "10.0.0-rc.1.25451.107"
        }
      },
      "Microsoft.Extensions.Configuration.EnvironmentVariables": {
        "type": "Transitive",
        "resolved": "10.0.0-rc.1.25451.107",
        "contentHash": "uWgOErLi+EWXVFPFklgJ3NO4wgG6K5XxahCP248jktCOR4pgDymW8bLIIPZAyQXEX7tJ0qUoh/+SXudml56ecw==",
        "dependencies": {
          "Microsoft.Extensions.Configuration": "10.0.0-rc.1.25451.107",
          "Microsoft.Extensions.Configuration.Abstractions": "10.0.0-rc.1.25451.107"
        }
      },
      "Microsoft.Extensions.Configuration.FileExtensions": {
        "type": "Transitive",
        "resolved": "10.0.0-rc.1.25451.107",
        "contentHash": "gZO0j5JQjHy+CoBO7XRz4m5DhB16FOJsZIMj328xA/xSHhU6qK0xC2iboeC11W4MDKTukfnaj+yCtAtfHTcHkA==",
        "dependencies": {
          "Microsoft.Extensions.Configuration": "10.0.0-rc.1.25451.107",
          "Microsoft.Extensions.Configuration.Abstractions": "10.0.0-rc.1.25451.107",
          "Microsoft.Extensions.FileProviders.Abstractions": "10.0.0-rc.1.25451.107",
          "Microsoft.Extensions.FileProviders.Physical": "10.0.0-rc.1.25451.107",
          "Microsoft.Extensions.Primitives": "10.0.0-rc.1.25451.107"
        }
      },
      "Microsoft.Extensions.Configuration.Json": {
        "type": "Transitive",
        "resolved": "10.0.0-rc.1.25451.107",
        "contentHash": "vvKbTkuv/v4D/DQ65nKz4V55eN/JL23Mvm31GNvxvY9rpOsy4MtOu68+WE/fX62r0MVByGYULd1GLmQPAgJ3wQ==",
        "dependencies": {
          "Microsoft.Extensions.Configuration": "10.0.0-rc.1.25451.107",
          "Microsoft.Extensions.Configuration.Abstractions": "10.0.0-rc.1.25451.107",
          "Microsoft.Extensions.Configuration.FileExtensions": "10.0.0-rc.1.25451.107",
          "Microsoft.Extensions.FileProviders.Abstractions": "10.0.0-rc.1.25451.107"
        }
      },
      "Microsoft.Extensions.Configuration.UserSecrets": {
        "type": "Transitive",
        "resolved": "10.0.0-rc.1.25451.107",
        "contentHash": "wHLjtFft+I8raeZ+ZEVMlWNlh67IIfbNKd+mdQ5D38crV9b7m3QgK3DwK2YAgYOGLgP44qrYweuoi6zSvUEklw==",
        "dependencies": {
          "Microsoft.Extensions.Configuration.Abstractions": "10.0.0-rc.1.25451.107",
          "Microsoft.Extensions.Configuration.Json": "10.0.0-rc.1.25451.107",
          "Microsoft.Extensions.FileProviders.Abstractions": "10.0.0-rc.1.25451.107",
          "Microsoft.Extensions.FileProviders.Physical": "10.0.0-rc.1.25451.107"
        }
      },
      "Microsoft.Extensions.DependencyInjection": {
        "type": "Transitive",
        "resolved": "10.0.0-rc.1.25451.107",
        "contentHash": "LyE1mwZNT30J/6ygkZZm6QlDRaKpwQf5dHkREGAlJQr75kz1VGx0RI/cxa6kevnuYaLNE5UtgtGT2Amp+dFT1Q==",
        "dependencies": {
          "Microsoft.Extensions.DependencyInjection.Abstractions": "10.0.0-rc.1.25451.107"
        }
      },
      "Microsoft.Extensions.DependencyModel": {
        "type": "Transitive",
        "resolved": "10.0.0-rc.1.25451.107",
        "contentHash": "1ncKiILhT+X6vZtuL9en37ARjD6k/EtSXdwZl1doItDu1n8Xzz2tRX2l9bTdLZV6R4pZp3wm2Krue6+mBtWxdA=="
      },
      "Microsoft.Extensions.Diagnostics": {
        "type": "Transitive",
        "resolved": "10.0.0-rc.1.25451.107",
        "contentHash": "tuZIsk+xd+/jdBOhfjtJMnjnl6qNitUrx6WO7qUUCyJ5vMZiEaDW0XXdVWtvefUs08inp6fdYoL0+PBlHCtrAQ==",
        "dependencies": {
          "Microsoft.Extensions.Configuration": "10.0.0-rc.1.25451.107",
          "Microsoft.Extensions.Diagnostics.Abstractions": "10.0.0-rc.1.25451.107",
          "Microsoft.Extensions.Options.ConfigurationExtensions": "10.0.0-rc.1.25451.107"
        }
      },
      "Microsoft.Extensions.Diagnostics.Abstractions": {
        "type": "Transitive",
        "resolved": "10.0.0-rc.1.25451.107",
        "contentHash": "rskaFEs+RNVX8AXFeC3QqjS9O5cMjYsyHLGt/3SV5IYXIJdIA+iy3W8/fVsJED0ydkssEkftewhiTCOqh1DM3w==",
        "dependencies": {
          "Microsoft.Extensions.DependencyInjection.Abstractions": "10.0.0-rc.1.25451.107",
          "Microsoft.Extensions.Options": "10.0.0-rc.1.25451.107"
        }
      },
      "Microsoft.Extensions.FileProviders.Abstractions": {
        "type": "Transitive",
        "resolved": "10.0.0-rc.1.25451.107",
        "contentHash": "/Fi7B/NuEG5XMc80bHXb33ZO8SykBMcwOhZFygmNQ0SvmOUFD41M4XEtF27kmII73p1C4U84LWidkMZyvELmBw==",
        "dependencies": {
          "Microsoft.Extensions.Primitives": "10.0.0-rc.1.25451.107"
        }
      },
      "Microsoft.Extensions.FileProviders.Physical": {
        "type": "Transitive",
        "resolved": "10.0.0-rc.1.25451.107",
        "contentHash": "EdAkxAb8BQO6GI6NijKj7SYj79j7OOQlRCVJfyjw+6YvVBepery5gAUieu05ig4o4CYlpvie4xzmYoHiCN/6dQ==",
        "dependencies": {
          "Microsoft.Extensions.FileProviders.Abstractions": "10.0.0-rc.1.25451.107",
          "Microsoft.Extensions.FileSystemGlobbing": "10.0.0-rc.1.25451.107",
          "Microsoft.Extensions.Primitives": "10.0.0-rc.1.25451.107"
        }
      },
      "Microsoft.Extensions.FileSystemGlobbing": {
        "type": "Transitive",
        "resolved": "10.0.0-rc.1.25451.107",
        "contentHash": "EgPqaVLU+duTIlONHfipkTt0xtNZlHgta54QUj5nrXb7pY4rPMwgYExwxbjM9xGJ3lIMjp5H/zkKii55aZk9Sg=="
      },
      "Microsoft.Extensions.Hosting.Abstractions": {
        "type": "Transitive",
        "resolved": "10.0.0-rc.1.25451.107",
        "contentHash": "lfe8ZALjb5z95IUadn/NBPdqvPG1XX7UbBuRbtPu9al6RwrbQnVq5Sq+tQ7PTPxNh5WABtcnFbNnuc9MpAWypQ==",
        "dependencies": {
          "Microsoft.Extensions.Configuration.Abstractions": "10.0.0-rc.1.25451.107",
          "Microsoft.Extensions.DependencyInjection.Abstractions": "10.0.0-rc.1.25451.107",
          "Microsoft.Extensions.Diagnostics.Abstractions": "10.0.0-rc.1.25451.107",
          "Microsoft.Extensions.FileProviders.Abstractions": "10.0.0-rc.1.25451.107",
          "Microsoft.Extensions.Logging.Abstractions": "10.0.0-rc.1.25451.107"
        }
      },
      "Microsoft.Extensions.Logging": {
        "type": "Transitive",
        "resolved": "10.0.0-rc.1.25451.107",
        "contentHash": "XKPlZZoN7eZjtpaincJm60Il2k5tBxuOfeT3w6gXcTNL5dM1tOR80hzDQaBIikyxI3uBApKtTU1Vge7In3W8Kg==",
        "dependencies": {
          "Microsoft.Extensions.DependencyInjection": "10.0.0-rc.1.25451.107",
          "Microsoft.Extensions.Logging.Abstractions": "10.0.0-rc.1.25451.107",
          "Microsoft.Extensions.Options": "10.0.0-rc.1.25451.107"
        }
      },
      "Microsoft.Extensions.Logging.Configuration": {
        "type": "Transitive",
        "resolved": "10.0.0-rc.1.25451.107",
        "contentHash": "Pv+5gS1QQJ3/RgfoQR9qFXbExFerQfcsWWYSkZSBmq0X6FmaM/HYHeb9epAfpWYagbBCM6QwSqltMG8uJZLMdg==",
        "dependencies": {
          "Microsoft.Extensions.Configuration": "10.0.0-rc.1.25451.107",
          "Microsoft.Extensions.Configuration.Abstractions": "10.0.0-rc.1.25451.107",
          "Microsoft.Extensions.Configuration.Binder": "10.0.0-rc.1.25451.107",
          "Microsoft.Extensions.DependencyInjection.Abstractions": "10.0.0-rc.1.25451.107",
          "Microsoft.Extensions.Logging": "10.0.0-rc.1.25451.107",
          "Microsoft.Extensions.Logging.Abstractions": "10.0.0-rc.1.25451.107",
          "Microsoft.Extensions.Options": "10.0.0-rc.1.25451.107",
          "Microsoft.Extensions.Options.ConfigurationExtensions": "10.0.0-rc.1.25451.107"
        }
      },
      "Microsoft.Extensions.Logging.Console": {
        "type": "Transitive",
        "resolved": "10.0.0-rc.1.25451.107",
        "contentHash": "0o2U5BuYJFt6c2XwOpfSEb5knaSgKwpYi1Jm7+CU1IlTFvyA5ddjLBmUm/dJmzWiWnoFvUJvsvPvLQYWCxGiDg==",
        "dependencies": {
          "Microsoft.Extensions.DependencyInjection.Abstractions": "10.0.0-rc.1.25451.107",
          "Microsoft.Extensions.Logging": "10.0.0-rc.1.25451.107",
          "Microsoft.Extensions.Logging.Abstractions": "10.0.0-rc.1.25451.107",
          "Microsoft.Extensions.Logging.Configuration": "10.0.0-rc.1.25451.107",
          "Microsoft.Extensions.Options": "10.0.0-rc.1.25451.107"
        }
      },
      "Microsoft.Extensions.Logging.Debug": {
        "type": "Transitive",
        "resolved": "10.0.0-rc.1.25451.107",
        "contentHash": "HMpGwPNYt7M5XVSFkc8Y76CzLXvrM7AnyFgyDGfynhYvmX4MH2eT3w7c6eOb390WQcsNGkTGgZnb6QlaEwm9QA==",
        "dependencies": {
          "Microsoft.Extensions.DependencyInjection.Abstractions": "10.0.0-rc.1.25451.107",
          "Microsoft.Extensions.Logging": "10.0.0-rc.1.25451.107",
          "Microsoft.Extensions.Logging.Abstractions": "10.0.0-rc.1.25451.107"
        }
      },
      "Microsoft.Extensions.Logging.EventLog": {
        "type": "Transitive",
        "resolved": "10.0.0-rc.1.25451.107",
        "contentHash": "s2k2ihzSGm2lCGvc4Az3zJoijNPZ9xrT6U+ORj9T4rocLCSxe/21MKqxcjInJvVZgTn7HWpJomFw5qcJz+HXYg==",
        "dependencies": {
          "Microsoft.Extensions.DependencyInjection.Abstractions": "10.0.0-rc.1.25451.107",
          "Microsoft.Extensions.Logging": "10.0.0-rc.1.25451.107",
          "Microsoft.Extensions.Logging.Abstractions": "10.0.0-rc.1.25451.107",
          "Microsoft.Extensions.Options": "10.0.0-rc.1.25451.107",
          "System.Diagnostics.EventLog": "10.0.0-rc.1.25451.107"
        }
      },
      "Microsoft.Extensions.Logging.EventSource": {
        "type": "Transitive",
        "resolved": "10.0.0-rc.1.25451.107",
        "contentHash": "kQtRLj0UHV44+CVxPXwIhK2emuxjym1zqH3pAbtONYU6B8QuvFjThW0vU+SElEIfFGM8L11F84CIOJQeLGVvGQ==",
        "dependencies": {
          "Microsoft.Extensions.DependencyInjection.Abstractions": "10.0.0-rc.1.25451.107",
          "Microsoft.Extensions.Logging": "10.0.0-rc.1.25451.107",
          "Microsoft.Extensions.Logging.Abstractions": "10.0.0-rc.1.25451.107",
          "Microsoft.Extensions.Options": "10.0.0-rc.1.25451.107",
          "Microsoft.Extensions.Primitives": "10.0.0-rc.1.25451.107"
        }
      },
      "Microsoft.Extensions.Options": {
        "type": "Transitive",
        "resolved": "10.0.0-rc.1.25451.107",
        "contentHash": "lM7V/A39nKSh7kdTqqh8yRCEvgw1P3X0odWd5o7A94j/Ln8xT+1kV60MTP/i78jaa4FNDhFfYE7yao5T84aQZg==",
        "dependencies": {
          "Microsoft.Extensions.DependencyInjection.Abstractions": "10.0.0-rc.1.25451.107",
          "Microsoft.Extensions.Primitives": "10.0.0-rc.1.25451.107"
        }
      },
      "Microsoft.Extensions.Options.ConfigurationExtensions": {
        "type": "Transitive",
        "resolved": "10.0.0-rc.1.25451.107",
        "contentHash": "6G5VB30lHscf+GUb/e0ZNdN8/yeLzNHWDPfdk1zDVODIlDL3Lm0zcr/h0v9gatilVlKKzLno49ftwLqyhw0sbw==",
        "dependencies": {
          "Microsoft.Extensions.Configuration.Abstractions": "10.0.0-rc.1.25451.107",
          "Microsoft.Extensions.Configuration.Binder": "10.0.0-rc.1.25451.107",
          "Microsoft.Extensions.DependencyInjection.Abstractions": "10.0.0-rc.1.25451.107",
          "Microsoft.Extensions.Options": "10.0.0-rc.1.25451.107",
          "Microsoft.Extensions.Primitives": "10.0.0-rc.1.25451.107"
        }
      },
      "Microsoft.Extensions.Primitives": {
        "type": "Transitive",
        "resolved": "10.0.0-rc.1.25451.107",
        "contentHash": "BNCfqG7CvhUQp7Sj8Qcr+HVNXkwV/nQfD6uS1HXXY2oO//QNpi4Mqy6IGeaIPIZIoQxykhLgPoSOJqRPCJRh/Q=="
      },
      "Microsoft.NET.StringTools": {
        "type": "Transitive",
        "resolved": "17.14.8",
        "contentHash": "j85iHjtDLnqVSLCv2Rfee9WI6NzcQX9fqVjnuIgiSeQSTm5MFwBaeNL/rwil4RUaHUF9GXtfxvSEg6jYF6cxCw=="
      },
      "Mono.TextTemplating": {
        "type": "Transitive",
        "resolved": "3.0.0",
        "contentHash": "YqueG52R/Xej4VVbKuRIodjiAhV0HR/XVbLbNrJhCZnzjnSjgMJ/dCdV0akQQxavX6hp/LC6rqLGLcXeQYU7XA==",
        "dependencies": {
          "System.CodeDom": "6.0.0"
        }
      },
      "Newtonsoft.Json": {
        "type": "Transitive",
        "resolved": "13.0.3",
        "contentHash": "HrC5BXdl00IP9zeV+0Z848QWPAoCr9P3bDEZguI+gkLcBKAOxix/tLEAAHC+UvDNPv4a2d18lOReHMOagPa+zQ=="
      },
      "Npgsql": {
        "type": "Transitive",
        "resolved": "9.0.3",
        "contentHash": "tPvY61CxOAWxNsKLEBg+oR646X4Bc8UmyQ/tJszL/7mEmIXQnnBhVJZrZEEUv0Bstu0mEsHZD5At3EO8zQRAYw==",
        "dependencies": {
          "Microsoft.Extensions.Logging.Abstractions": "8.0.2"
        }
      },
      "System.CodeDom": {
        "type": "Transitive",
        "resolved": "9.0.0",
        "contentHash": "oTE5IfuMoET8yaZP/vdvy9xO47guAv/rOhe4DODuFBN3ySprcQOlXqO3j+e/H/YpKKR5sglrxRaZ2HYOhNJrqA=="
      },
      "System.Composition": {
        "type": "Transitive",
        "resolved": "9.0.0",
        "contentHash": "3Djj70fFTraOarSKmRnmRy/zm4YurICm+kiCtI0dYRqGJnLX6nJ+G3WYuFJ173cAPax/gh96REcbNiVqcrypFQ==",
        "dependencies": {
          "System.Composition.AttributedModel": "9.0.0",
          "System.Composition.Convention": "9.0.0",
          "System.Composition.Hosting": "9.0.0",
          "System.Composition.Runtime": "9.0.0",
          "System.Composition.TypedParts": "9.0.0"
        }
      },
      "System.Composition.AttributedModel": {
        "type": "Transitive",
        "resolved": "9.0.0",
        "contentHash": "iri00l/zIX9g4lHMY+Nz0qV1n40+jFYAmgsaiNn16xvt2RDwlqByNG4wgblagnDYxm3YSQQ0jLlC/7Xlk9CzyA=="
      },
      "System.Composition.Convention": {
        "type": "Transitive",
        "resolved": "9.0.0",
        "contentHash": "+vuqVP6xpi582XIjJi6OCsIxuoTZfR0M7WWufk3uGDeCl3wGW6KnpylUJ3iiXdPByPE0vR5TjJgR6hDLez4FQg==",
        "dependencies": {
          "System.Composition.AttributedModel": "9.0.0"
        }
      },
      "System.Composition.Hosting": {
        "type": "Transitive",
        "resolved": "9.0.0",
        "contentHash": "OFqSeFeJYr7kHxDfaViGM1ymk7d4JxK//VSoNF9Ux0gpqkLsauDZpu89kTHHNdCWfSljbFcvAafGyBoY094btQ==",
        "dependencies": {
          "System.Composition.Runtime": "9.0.0"
        }
      },
      "System.Composition.Runtime": {
        "type": "Transitive",
        "resolved": "9.0.0",
        "contentHash": "w1HOlQY1zsOWYussjFGZCEYF2UZXgvoYnS94NIu2CBnAGMbXFAX8PY8c92KwUItPmowal68jnVLBCzdrWLeEKA=="
      },
      "System.Composition.TypedParts": {
        "type": "Transitive",
        "resolved": "9.0.0",
        "contentHash": "aRZlojCCGEHDKqh43jaDgaVpYETsgd7Nx4g1zwLKMtv4iTo0627715ajEFNpEEBTgLmvZuv8K0EVxc3sM4NWJA==",
        "dependencies": {
          "System.Composition.AttributedModel": "9.0.0",
          "System.Composition.Hosting": "9.0.0",
          "System.Composition.Runtime": "9.0.0"
        }
      },
      "System.Configuration.ConfigurationManager": {
        "type": "Transitive",
        "resolved": "9.0.0",
        "contentHash": "PdkuMrwDhXoKFo/JxISIi9E8L+QGn9Iquj2OKDWHB6Y/HnUOuBouF7uS3R4Hw3FoNmwwMo6hWgazQdyHIIs27A==",
        "dependencies": {
          "System.Diagnostics.EventLog": "9.0.0",
          "System.Security.Cryptography.ProtectedData": "9.0.0"
        }
      },
      "System.Diagnostics.EventLog": {
        "type": "Transitive",
        "resolved": "10.0.0-rc.1.25451.107",
        "contentHash": "rwQ/QDgOb3qLSOs8UbLBFigL8ewMCETOmrQwVbksRXLt3c/kizzljOdBf+KdXKCS3XmrKqMeOLOkZZM8WQDcTw=="
      },
      "System.Formats.Nrbf": {
        "type": "Transitive",
        "resolved": "9.0.0",
        "contentHash": "F/6tNE+ckmdFeSQAyQo26bQOqfPFKEfZcuqnp4kBE6/7jP26diP+QTHCJJ6vpEfaY6bLy+hBLiIQUSxSmNwLkA=="
      },
      "System.Reflection.MetadataLoadContext": {
        "type": "Transitive",
        "resolved": "7.0.0",
        "contentHash": "z9PvtMJra5hK8n+g0wmPtaG7HQRZpTmIPRw5Z0LEemlcdQMHuTD5D7OAY/fZuuz1L9db++QOcDF0gJTLpbMtZQ=="
      },
      "System.Resources.Extensions": {
        "type": "Transitive",
        "resolved": "9.0.0",
        "contentHash": "tvhuT1D2OwPROdL1kRWtaTJliQo0WdyhvwDpd8RM997G7m3Hya5nhbYhNTS75x6Vu+ypSOgL5qxDCn8IROtCxw==",
        "dependencies": {
          "System.Formats.Nrbf": "9.0.0"
        }
      },
      "System.Security.Cryptography.Pkcs": {
        "type": "Transitive",
        "resolved": "9.0.0",
        "contentHash": "8tluJF8w9si+2yoHeL8rgVJS6lKvWomTDC8px65Z8MCzzdME5eaPtEQf4OfVGrAxB5fW93ncucy1+221O9EQaw=="
      },
      "System.Security.Cryptography.ProtectedData": {
        "type": "Transitive",
        "resolved": "9.0.0",
        "contentHash": "CJW+x/F6fmRQ7N6K8paasTw9PDZp4t7G76UjGNlSDgoHPF0h08vTzLYbLZpOLEJSg35d5wy2jCXGo84EN05DpQ=="
      },
      "System.Security.Cryptography.Xml": {
        "type": "Transitive",
        "resolved": "9.0.0",
        "contentHash": "GQZn5wFd+pyOfwWaCbqxG7trQ5ox01oR8kYgWflgtux4HiUNihGEgG2TktRWyH+9bw7NoEju1D41H/upwQeFQw==",
        "dependencies": {
          "System.Security.Cryptography.Pkcs": "9.0.0"
        }
      },
      "System.Security.Permissions": {
        "type": "Transitive",
        "resolved": "9.0.0",
        "contentHash": "H2VFD4SFVxieywNxn9/epb63/IOcPPfA0WOtfkljzNfu7GCcHIBQNuwP6zGCEIi7Ci/oj8aLPUNK9sYImMFf4Q==",
        "dependencies": {
          "System.Windows.Extensions": "9.0.0"
        }
      },
      "System.Windows.Extensions": {
        "type": "Transitive",
        "resolved": "9.0.0",
        "contentHash": "U9msthvnH2Fsw7xwAvIhNHOdnIjOQTwOc8Vd0oGOsiRcGMGoBFlUD6qtYawRUoQdKH9ysxesZ9juFElt1Jw/7A=="
      },
      "reezer.application": {
        "type": "Project",
        "dependencies": {
          "Microsoft.Extensions.DependencyInjection.Abstractions": "[10.0.0-rc.1.25451.107, )",
          "Microsoft.Extensions.Hosting": "[10.0.0-rc.1.25451.107, )",
          "Microsoft.Extensions.Logging.Abstractions": "[10.0.0-rc.1.25451.107, )",
          "Reezer.Domain": "[1.0.0, )"
        }
      },
      "reezer.domain": {
        "type": "Project"
      }
    }
  }
}