{
  "version": 1,
  "dependencies": {
    "net10.0": {
      "Microsoft.AspNetCore.OpenApi": {
        "type": "Direct",
        "requested": "[10.0.0-rc.1.25451.107, )",
        "resolved": "10.0.0-rc.1.25451.107",
        "contentHash": "qDH09sfjprh4NnjJbg0LX07G/xFn1AEB4B0zphrWFkC/OhtJHv+MnGi2NU9KbXwnHedIBrmMDGt0MSD+Ipo53g==",
        "dependencies": {
          "Microsoft.OpenApi": "2.0.0"
        }
      },
      "Scalar.AspNetCore": {
        "type": "Direct",
        "requested": "[2.8.10, )",
        "resolved": "2.8.10",
        "contentHash": "/7dX5P9C+mVrc2xS/b7YB89w+kZPp/jn/m8T3Iv5163Vu3awZPHmkwJ1/VRGn5in66+gkGMWcL7j9NbLnTrcrA=="
      },
      "Microsoft.EntityFrameworkCore": {
        "type": "Transitive",
        "resolved": "10.0.0-rc.1.25451.107",
        "contentHash": "tE6qyRUFoVI+5HmJy5oGyPRvv4SfJH/jpDb94b40MxnNQhRtkIDQUuinWfMd8B2YAgXtVXANBNWjQ3ojsW/1Wg==",
        "dependencies": {
          "Microsoft.EntityFrameworkCore.Abstractions": "10.0.0-rc.1.25451.107",
          "Microsoft.EntityFrameworkCore.Analyzers": "10.0.0-rc.1.25451.107"
        }
      },
      "Microsoft.EntityFrameworkCore.Abstractions": {
        "type": "Transitive",
        "resolved": "10.0.0-rc.1.25451.107",
        "contentHash": "447K5zsovuadqFj8k9nOXiD4bI+iCwteVYp2BUys9CFhnOi42VVDzXzTzrMK1bLhfyawk6X3ZP1sKD0lodTToA=="
      },
      "Microsoft.EntityFrameworkCore.Analyzers": {
        "type": "Transitive",
        "resolved": "10.0.0-rc.1.25451.107",
        "contentHash": "9iNDa8n9neV+SnjMx8FnaOTwpuyuQg/LMiOSEiJbCSHsb66qLbOCJ3HtMm9nh6TXabYdq3ysUC4y2StYB7+6hA=="
      },
      "Microsoft.EntityFrameworkCore.Relational": {
        "type": "Transitive",
        "resolved": "10.0.0-rc.1.25451.107",
        "contentHash": "LQhyp5JclWH3OvCW29NNgc1ZSPZ6wMotRPzCO69wOMCf+WVXa8GpiILF2qvbx9ax0dSjz36UuG2I5ZQ5so+e7Q==",
        "dependencies": {
          "Microsoft.EntityFrameworkCore": "10.0.0-rc.1.25451.107"
        }
      },
      "Microsoft.OpenApi": {
        "type": "Transitive",
        "resolved": "2.0.0",
        "contentHash": "GGYLfzV/G/ct80OZ45JxnWP7NvMX1BCugn/lX7TH5o0lcVaviavsLMTxmFV2AybXWjbi3h6FF1vgZiTK6PXndw=="
      },
      "Npgsql": {
        "type": "Transitive",
        "resolved": "9.0.3",
        "contentHash": "tPvY61CxOAWxNsKLEBg+oR646X4Bc8UmyQ/tJszL/7mEmIXQnnBhVJZrZEEUv0Bstu0mEsHZD5At3EO8zQRAYw=="
      },
      "Npgsql.EntityFrameworkCore.PostgreSQL": {
        "type": "Transitive",
        "resolved": "10.0.0-rc.1",
        "contentHash": "On+EO2L7c1+IPeJB5UL4DtKz8Sw8QGTBrKldEsW25SEG9heDQiBt2DDPmCvnmZasFS5WNgEW3loNhahRz1eyGA==",
        "dependencies": {
          "Microsoft.EntityFrameworkCore": "[10.0.0-rc.1.25451.107]",
          "Microsoft.EntityFrameworkCore.Relational": "[10.0.0-rc.1.25451.107]",
          "Npgsql": "9.0.3"
        }
      },
      "reezer.application": {
        "type": "Project"
      },
      "reezer.domain": {
        "type": "Project"
      },
      "reezer.infrastructure": {
        "type": "Project",
        "dependencies": {
          "Npgsql.EntityFrameworkCore.PostgreSQL": "[10.0.0-rc.1, )",
          "Reezer.Domain": "[1.0.0, )"
        }
      }
    }
  }
}